
Microsoft Visual Studio Solution File, Format Version 12.00
# Visual Studio Version 17
VisualStudioVersion = 17.3.32825.248
MinimumVisualStudioVersion = 10.0.40219.1
Project("{8BC9CEB8-8B4A-11D0-8D11-00A0C91BC942}") = "DirectX12", "directx_12\build\DirectX12.vcxproj", "{44F00C84-9CA4-45E0-AA8D-FE436FF7EDD4}"
EndProject
Project("{8BC9CEB8-8B4A-11D0-8D11-00A0C91BC942}") = "DirectX11", "directx_11\build\DirectX11.vcxproj", "{61FBC07A-9294-4560-9202-92AD6EF52C23}"
EndProject
Project("{8BC9CEB8-8B4A-11D0-8D11-00A0C91BC942}") = "Vulkan", "vulkan\build\Vulkan.vcxproj", "{01D9796E-1387-413D-B8E2-96D3E7E90E9A}"
EndProject
Global
	GlobalSection(SolutionConfigurationPlatforms) = preSolution
		Debug|x64 = Debug|x64
		Release|x64 = Release|x64
	EndGlobalSection
	GlobalSection(ProjectConfigurationPlatforms) = postSolution
		{44F00C84-9CA4-45E0-AA8D-FE436FF7EDD4}.Debug|x64.ActiveCfg = Debug|x64
		{44F00C84-9CA4-45E0-AA8D-FE436FF7EDD4}.Debug|x64.Build.0 = Debug|x64
		{44F00C84-9CA4-45E0-AA8D-FE436FF7EDD4}.Release|x64.ActiveCfg = Release|x64
		{44F00C84-9CA4-45E0-AA8D-FE436FF7EDD4}.Release|x64.Build.0 = Release|x64
		{61FBC07A-9294-4560-9202-92AD6EF52C23}.Debug|x64.ActiveCfg = Debug|x64
		{61FBC07A-9294-4560-9202-92AD6EF52C23}.Debug|x64.Build.0 = Debug|x64
		{61FBC07A-9294-4560-9202-92AD6EF52C23}.Release|x64.ActiveCfg = Release|x64
		{61FBC07A-9294-4560-9202-92AD6EF52C23}.Release|x64.Build.0 = Release|x64
		{01D9796E-1387-413D-B8E2-96D3E7E90E9A}.Debug|x64.ActiveCfg = Debug|x64
		{01D9796E-1387-413D-B8E2-96D3E7E90E9A}.Debug|x64.Build.0 = Debug|x64
		{01D9796E-1387-413D-B8E2-96D3E7E90E9A}.Release|x64.ActiveCfg = Release|x64
		{01D9796E-1387-413D-B8E2-96D3E7E90E9A}.Release|x64.Build.0 = Release|x64
	EndGlobalSection
	GlobalSection(SolutionProperties) = preSolution
		HideSolutionNode = FALSE
	EndGlobalSection
	GlobalSection(ExtensibilityGlobals) = postSolution
		SolutionGuid = {4A18CB9D-047F-4372-9030-C1853B3E4096}
	EndGlobalSection
EndGlobal
